{
    "_meta": {
        "hash": {
            "sha256": "65d25337a1b90245bf20d45db8e40ed55f6a2c5d336af6ba720415481fe7d0d8"
        },
        "pipfile-spec": 6,
        "requires": {
            "python_version": "3.9"
        },
        "sources": [
            {
                "name": "pypi",
                "url": "https://pypi.org/simple",
                "verify_ssl": true
            }
        ]
    },
    "default": {
        "install": {
            "hashes": [
                "sha256:1455304a2475b6753a9b0c28243ca7d8b7d71aeea1a88e6de94034fc57d765a0",
                "sha256:dfec614e0cc90f00659067a078bc2ec032d9f0758f3df230c073eeaffd0cefa1"
            ],
            "index": "pypi",
            "version": "==1.3.4"
        },
        "python-dotenv": {
            "hashes": [
                "sha256:0c8d1b80d1a1e91717ea7d526178e3882732420b03f08afea0406db6402e220e",
                "sha256:587825ed60b1711daea4832cf37524dfd404325b7db5e25ebe88c495c9f807a0"
            ],
            "index": "pypi",
            "version": "==0.15.0"
        }
    },
    "develop": {}
}
